
Microsoft Visual Studio Solution File, Format Version 12.00
# Visual Studio Version 17
VisualStudioVersion = 17.1.32328.378
MinimumVisualStudioVersion = 10.0.40219.1
Project("{9A19103F-16F7-4668-BE54-9A1E7A4F7556}") = "NewModelTestChrome", "First work with selenium\NewModelTestChrome.csproj", "{72965450-F0AE-4286-B1F9-02D2E6B314A1}"
	ProjectSection(ProjectDependencies) = postProject
		{FA1AE1A8-80F4-448D-BACE-2D7EF4F78843} = {FA1AE1A8-80F4-448D-BACE-2D7EF4F78843}
		{19F59FB4-2101-4FDD-B797-E89AA415DE17} = {19F59FB4-2101-4FDD-B797-E89AA415DE17}
	EndProjectSection
EndProject
Project("{9A19103F-16F7-4668-BE54-9A1E7A4F7556}") = "Operatesting", "Operatesting\Operatesting.csproj", "{FA1AE1A8-80F4-448D-BACE-2D7EF4F78843}"
EndProject
Project("{9A19103F-16F7-4668-BE54-9A1E7A4F7556}") = "NewModelTestFireFox", "FirefoxTesting\NewModelTestFireFox.csproj", "{19F59FB4-2101-4FDD-B797-E89AA415DE17}"
EndProject
Global
	GlobalSection(SolutionConfigurationPlatforms) = preSolution
		Debug|Any CPU = Debug|Any CPU
		Release|Any CPU = Release|Any CPU
	EndGlobalSection
	GlobalSection(ProjectConfigurationPlatforms) = postSolution
		{72965450-F0AE-4286-B1F9-02D2E6B314A1}.Debug|Any CPU.ActiveCfg = Debug|Any CPU
		{72965450-F0AE-4286-B1F9-02D2E6B314A1}.Debug|Any CPU.Build.0 = Debug|Any CPU
		{72965450-F0AE-4286-B1F9-02D2E6B314A1}.Release|Any CPU.ActiveCfg = Release|Any CPU
		{72965450-F0AE-4286-B1F9-02D2E6B314A1}.Release|Any CPU.Build.0 = Release|Any CPU
		{FA1AE1A8-80F4-448D-BACE-2D7EF4F78843}.Debug|Any CPU.ActiveCfg = Debug|Any CPU
		{FA1AE1A8-80F4-448D-BACE-2D7EF4F78843}.Debug|Any CPU.Build.0 = Debug|Any CPU
		{FA1AE1A8-80F4-448D-BACE-2D7EF4F78843}.Release|Any CPU.ActiveCfg = Release|Any CPU
		{FA1AE1A8-80F4-448D-BACE-2D7EF4F78843}.Release|Any CPU.Build.0 = Release|Any CPU
		{19F59FB4-2101-4FDD-B797-E89AA415DE17}.Debug|Any CPU.ActiveCfg = Debug|Any CPU
		{19F59FB4-2101-4FDD-B797-E89AA415DE17}.Debug|Any CPU.Build.0 = Debug|Any CPU
		{19F59FB4-2101-4FDD-B797-E89AA415DE17}.Release|Any CPU.ActiveCfg = Release|Any CPU
		{19F59FB4-2101-4FDD-B797-E89AA415DE17}.Release|Any CPU.Build.0 = Release|Any CPU
	EndGlobalSection
	GlobalSection(SolutionProperties) = preSolution
		HideSolutionNode = FALSE
	EndGlobalSection
	GlobalSection(ExtensibilityGlobals) = postSolution
		SolutionGuid = {A1F6F07D-99DA-4940-9D6F-DB1804F8DB59}
	EndGlobalSection
EndGlobal
